dependencies:
- name: postgresql
  repository: https://charts.bitnami.com/bitnami
  version: 16.7.27
- name: kubernetes-ingress
  repository: https://haproxytech.github.io/helm-charts
  version: 1.54.0
digest: sha256:ba98b69a40cfc2b05405bee37447c6fdc841908f52fd8de5b1854e1cace1160a
generated: "2026-09-01T15:41:23.347501-04:00"
