dependencies:
- name: auth-service
  repository: file://../auth-service
  version: 1.2.1
- name: eqty-pdfgen
  repository: file://../eqty-pdfgen
  version: 1.2.1
- name: gateway-stack
  repository: file://../gateway-stack
  version: 1.2.1
- name: governance-service
  repository: file://../governance-service
  version: 1.2.1
- name: governance-studio
  repository: file://../governance-studio
  version: 1.2.1
- name: integrity-service
  repository: file://../integrity-service
  version: 1.2.1
- name: postgresql
  repository: https://charts.bitnami.com/bitnami
  version: 18.1.15
digest: sha256:9086a52c73aec973fa7e9c0027f1a62b0fed08f342572e9cc8ee4b996578216a
generated: "2026-09-24T19:50:04.448846317Z"
