dependencies:
- name: governance-service
  repository: file://../governance-service
  version: 1.1.1
- name: integrity-service
  repository: file://../integrity-service
  version: 1.0.0
- name: postgresql
  repository: https://charts.bitnami.com/bitnami
  version: 12.5.9
- name: governance-studio
  repository: file://../governance-studio
  version: 1.0.0
- name: auth-service
  repository: file://../auth-service
  version: 0.1.0
digest: sha256:af8bbc684d5d6bd2b0aa02e83dfd0f36a7ac39c5f971ccb8302c81332ce70414
generated: "2025-07-07T17:08:43.578394818-06:00"
